Microsoft Visual Studio Solution File, Format Version 12.00
# Visual Studio 2012
Project("{FAE04EC0-301F-11D3-BF4B-00C04F79EFBC}") = "Survivor Tower Defense", "Survivor Tower Defense.csproj", "{B02BEF11-913C-438F-9E4A-1D4F24BC2FEC}"
EndProject
Global
	GlobalSection(SolutionConfigurationPlatforms) = preSolution
	Debug|Any CPU = Debug|Any CPU
	ExportDebug|Any CPU = ExportDebug|Any CPU
	ExportRelease|Any CPU = ExportRelease|Any CPU
	EndGlobalSection
	GlobalSection(ProjectConfigurationPlatforms) = postSolution
		{B02BEF11-913C-438F-9E4A-1D4F24BC2FEC}.Debug|Any CPU.ActiveCfg = Debug|Any CPU
		{B02BEF11-913C-438F-9E4A-1D4F24BC2FEC}.Debug|Any CPU.Build.0 = Debug|Any CPU
		{B02BEF11-913C-438F-9E4A-1D4F24BC2FEC}.ExportDebug|Any CPU.ActiveCfg = ExportDebug|Any CPU
		{B02BEF11-913C-438F-9E4A-1D4F24BC2FEC}.ExportDebug|Any CPU.Build.0 = ExportDebug|Any CPU
		{B02BEF11-913C-438F-9E4A-1D4F24BC2FEC}.ExportRelease|Any CPU.ActiveCfg = ExportRelease|Any CPU
		{B02BEF11-913C-438F-9E4A-1D4F24BC2FEC}.ExportRelease|Any CPU.Build.0 = ExportRelease|Any CPU
	EndGlobalSection
EndGlobal
